
Microsoft Visual Studio Solution File, Format Version 12.00
# Visual Studio Version 17
VisualStudioVersion = 17.2.32505.173
MinimumVisualStudioVersion = 10.0.40219.1
Project("{FAE04EC0-301F-11D3-BF4B-00C04F79EFBC}") = "Ejercicio5CsharpNet6", "Ejercicio5CsharpNet6\Ejercicio5CsharpNet6.csproj", "{7A5B3A56-DF70-4986-8BD6-18585B2F0266}"
EndProject
Global
	GlobalSection(SolutionConfigurationPlatforms) = preSolution
		Debug|Any CPU = Debug|Any CPU
		Release|Any CPU = Release|Any CPU
	EndGlobalSection
	GlobalSection(ProjectConfigurationPlatforms) = postSolution
		{7A5B3A56-DF70-4986-8BD6-18585B2F0266}.Debug|Any CPU.ActiveCfg = Debug|Any CPU
		{7A5B3A56-DF70-4986-8BD6-18585B2F0266}.Debug|Any CPU.Build.0 = Debug|Any CPU
		{7A5B3A56-DF70-4986-8BD6-18585B2F0266}.Release|Any CPU.ActiveCfg = Release|Any CPU
		{7A5B3A56-DF70-4986-8BD6-18585B2F0266}.Release|Any CPU.Build.0 = Release|Any CPU
	EndGlobalSection
	GlobalSection(SolutionProperties) = preSolution
		HideSolutionNode = FALSE
	EndGlobalSection
	GlobalSection(ExtensibilityGlobals) = postSolution
		SolutionGuid = {7C74465D-0747-46D5-ADCA-FB70019D6304}
	EndGlobalSection
EndGlobal
